// !$*UTF8*$!
{
	archiveVersion = 1;
	classes = {
	};
	objectVersion = 56;
	objects = {

/* Begin PBXBuildFile section */
		F784446E2AE6978F003D4B65 /* Extension+CALayer.swift in Sources */ = {isa = PBXBuildFile; fileRef = F784446D2AE6978F003D4B65 /* Extension+CALayer.swift */; };
		F78444702AE698C4003D4B65 /* Extension+UIView.swift in Sources */ = {isa = PBXBuildFile; fileRef = F784446F2AE698C4003D4B65 /* Extension+UIView.swift */; };
		F78444722AE69908003D4B65 /* WindowConstant.swift in Sources */ = {isa = PBXBuildFile; fileRef = F78444712AE69908003D4B65 /* WindowConstant.swift */; };
		F7D3E4122ADDA31500724745 /* AppDelegate.swift in Sources */ = {isa = PBXBuildFile; fileRef = F7D3E4112ADDA31500724745 /* AppDelegate.swift */; };
		F7D3E4142ADDA31500724745 /* SceneDelegate.swift in Sources */ = {isa = PBXBuildFile; fileRef = F7D3E4132ADDA31500724745 /* SceneDelegate.swift */; };
		F7D3E4162ADDA31500724745 /* ViewController.swift in Sources */ = {isa = PBXBuildFile; fileRef = F7D3E4152ADDA31500724745 /* ViewController.swift */; };
		F7D3E4192ADDA31500724745 /* Main.storyboard in Resources */ = {isa = PBXBuildFile; fileRef = F7D3E4172ADDA31500724745 /* Main.storyboard */; };
		F7D3E41B2ADDA31600724745 /* Assets.xcassets in Resources */ = {isa = PBXBuildFile; fileRef = F7D3E41A2ADDA31600724745 /* Assets.xcassets */; };
		F7D3E41E2ADDA31600724745 /* LaunchScreen.storyboard in Resources */ = {isa = PBXBuildFile; fileRef = F7D3E41C2ADDA31600724745 /* LaunchScreen.storyboard */; };
		F7D3E42D2ADDA93800724745 /* ViewLayoutManager.swift in Sources */ = {isa = PBXBuildFile; fileRef = F7D3E42C2ADDA93800724745 /* ViewLayoutManager.swift */; };
		F7D3E42F2ADDB71500724745 /* TopBannerModel.swift in Sources */ = {isa = PBXBuildFile; fileRef = F7D3E42E2ADDB71500724745 /* TopBannerModel.swift */; };
		F7D3E4352ADDB77E00724745 /* PopularRestaurantsListModel.swift in Sources */ = {isa = PBXBuildFile; fileRef = F7D3E4342ADDB77E00724745 /* PopularRestaurantsListModel.swift */; };
		F7D3E4372ADDB9D600724745 /* MostPopularListModel.swift in Sources */ = {isa = PBXBuildFile; fileRef = F7D3E4362ADDB9D600724745 /* MostPopularListModel.swift */; };
		F7D3E4392ADDBB6B00724745 /* RecentItemsListModel.swift in Sources */ = {isa = PBXBuildFile; fileRef = F7D3E4382ADDBB6B00724745 /* RecentItemsListModel.swift */; };
		F7D3E43D2ADDBFE900724745 /* TopBannerCollectionViewCell.swift in Sources */ = {isa = PBXBuildFile; fileRef = F7D3E43C2ADDBFE900724745 /* TopBannerCollectionViewCell.swift */; };
		F7D3E4432ADDF15000724745 /* HeaderView.swift in Sources */ = {isa = PBXBuildFile; fileRef = F7D3E4422ADDF15000724745 /* HeaderView.swift */; };
		F7D3E4452ADDF24700724745 /* PopularRestaurantsListCell.swift in Sources */ = {isa = PBXBuildFile; fileRef = F7D3E4442ADDF24700724745 /* PopularRestaurantsListCell.swift */; };
		F7D3E4472ADDF30400724745 /* MostPopularListViewCell.swift in Sources */ = {isa = PBXBuildFile; fileRef = F7D3E4462ADDF30400724745 /* MostPopularListViewCell.swift */; };
		F7D3E4492ADDF49C00724745 /* RecentItemViewCell.swift in Sources */ = {isa = PBXBuildFile; fileRef = F7D3E4482ADDF49C00724745 /* RecentItemViewCell.swift */; };
		F7E9B87B2AE1558300E1E6D5 /* AppColors.swift in Sources */ = {isa = PBXBuildFile; fileRef = F7E9B87A2AE1558300E1E6D5 /* AppColors.swift */; };
		F7E9B87D2AE1559E00E1E6D5 /* AppFonts.swift in Sources */ = {isa = PBXBuildFile; fileRef = F7E9B87C2AE1559E00E1E6D5 /* AppFonts.swift */; };
		F7EF0EE62AE55D18001436FE /* Inter-Regular.ttf in Resources */ = {isa = PBXBuildFile; fileRef = F7E9B89E2AE2987C00E1E6D5 /* Inter-Regular.ttf */; };
/* End PBXBuildFile section */

/* Begin PBXFileReference section */
		F784446D2AE6978F003D4B65 /* Extension+CALayer.swift */ = {isa = PBXFileReference; lastKnownFileType = sourcecode.swift; path = "Extension+CALayer.swift"; sourceTree = "<group>"; };
		F784446F2AE698C4003D4B65 /* Extension+UIView.swift */ = {isa = PBXFileReference; lastKnownFileType = sourcecode.swift; path = "Extension+UIView.swift"; sourceTree = "<group>"; };
		F78444712AE69908003D4B65 /* WindowConstant.swift */ = {isa = PBXFileReference; lastKnownFileType = sourcecode.swift; path = WindowConstant.swift; sourceTree = "<group>"; };
		F7D3E40E2ADDA31500724745 /* CompositionalLayout.app */ = {isa = PBXFileReference; explicitFileType = wrapper.application; includeInIndex = 0; path = CompositionalLayout.app; sourceTree = BUILT_PRODUCTS_DIR; };
		F7D3E4112ADDA31500724745 /* AppDelegate.swift */ = {isa = PBXFileReference; lastKnownFileType = sourcecode.swift; path = AppDelegate.swift; sourceTree = "<group>"; };
		F7D3E4132ADDA31500724745 /* SceneDelegate.swift */ = {isa = PBXFileReference; lastKnownFileType = sourcecode.swift; path = SceneDelegate.swift; sourceTree = "<group>"; };
		F7D3E4152ADDA31500724745 /* ViewController.swift */ = {isa = PBXFileReference; lastKnownFileType = sourcecode.swift; path = ViewController.swift; sourceTree = "<group>"; };
		F7D3E4182ADDA31500724745 /* Base */ = {isa = PBXFileReference; lastKnownFileType = file.storyboard; name = Base; path = Base.lproj/Main.storyboard; sourceTree = "<group>"; };
		F7D3E41A2ADDA31600724745 /* Assets.xcassets */ = {isa = PBXFileReference; lastKnownFileType = folder.assetcatalog; path = Assets.xcassets; sourceTree = "<group>"; };
		F7D3E41D2ADDA31600724745 /* Base */ = {isa = PBXFileReference; lastKnownFileType = file.storyboard; name = Base; path = Base.lproj/LaunchScreen.storyboard; sourceTree = "<group>"; };
		F7D3E41F2ADDA31600724745 /* Info.plist */ = {isa = PBXFileReference; lastKnownFileType = text.plist.xml; path = Info.plist; sourceTree = "<group>"; };
		F7D3E42C2ADDA93800724745 /* ViewLayoutManager.swift */ = {isa = PBXFileReference; lastKnownFileType = sourcecode.swift; path = ViewLayoutManager.swift; sourceTree = "<group>"; };
		F7D3E42E2ADDB71500724745 /* TopBannerModel.swift */ = {isa = PBXFileReference; lastKnownFileType = sourcecode.swift; path = TopBannerModel.swift; sourceTree = "<group>"; };
		F7D3E4342ADDB77E00724745 /* PopularRestaurantsListModel.swift */ = {isa = PBXFileReference; lastKnownFileType = sourcecode.swift; path = PopularRestaurantsListModel.swift; sourceTree = "<group>"; };
		F7D3E4362ADDB9D600724745 /* MostPopularListModel.swift */ = {isa = PBXFileReference; lastKnownFileType = sourcecode.swift; path = MostPopularListModel.swift; sourceTree = "<group>"; };
		F7D3E4382ADDBB6B00724745 /* RecentItemsListModel.swift */ = {isa = PBXFileReference; lastKnownFileType = sourcecode.swift; path = RecentItemsListModel.swift; sourceTree = "<group>"; };
		F7D3E43C2ADDBFE900724745 /* TopBannerCollectionViewCell.swift */ = {isa = PBXFileReference; lastKnownFileType = sourcecode.swift; path = TopBannerCollectionViewCell.swift; sourceTree = "<group>"; };
		F7D3E4422ADDF15000724745 /* HeaderView.swift */ = {isa = PBXFileReference; lastKnownFileType = sourcecode.swift; path = HeaderView.swift; sourceTree = "<group>"; };
		F7D3E4442ADDF24700724745 /* PopularRestaurantsListCell.swift */ = {isa = PBXFileReference; lastKnownFileType = sourcecode.swift; path = PopularRestaurantsListCell.swift; sourceTree = "<group>"; };
		F7D3E4462ADDF30400724745 /* MostPopularListViewCell.swift */ = {isa = PBXFileReference; lastKnownFileType = sourcecode.swift; path = MostPopularListViewCell.swift; sourceTree = "<group>"; };
		F7D3E4482ADDF49C00724745 /* RecentItemViewCell.swift */ = {isa = PBXFileReference; lastKnownFileType = sourcecode.swift; path = RecentItemViewCell.swift; sourceTree = "<group>"; };
		F7E9B87A2AE1558300E1E6D5 /* AppColors.swift */ = {isa = PBXFileReference; lastKnownFileType = sourcecode.swift; path = AppColors.swift; sourceTree = "<group>"; };
		F7E9B87C2AE1559E00E1E6D5 /* AppFonts.swift */ = {isa = PBXFileReference; lastKnownFileType = sourcecode.swift; path = AppFonts.swift; sourceTree = "<group>"; };
		F7E9B89E2AE2987C00E1E6D5 /* Inter-Regular.ttf */ = {isa = PBXFileReference; lastKnownFileType = file; path = "Inter-Regular.ttf"; sourceTree = "<group>"; };
/* End PBXFileReference section */

/* Begin PBXFrameworksBuildPhase section */
		F7D3E40B2ADDA31500724745 /* Frameworks */ = {
			isa = PBXFrameworksBuildPhase;
			buildActionMask = 2147483647;
			files = (
			);
			runOnlyForDeploymentPostprocessing = 0;
		};
/* End PBXFrameworksBuildPhase section */

/* Begin PBXGroup section */
		F784446C2AE6976C003D4B65 /* Extension */ = {
			isa = PBXGroup;
			children = (
				F784446D2AE6978F003D4B65 /* Extension+CALayer.swift */,
				F784446F2AE698C4003D4B65 /* Extension+UIView.swift */,
			);
			path = Extension;
			sourceTree = "<group>";
		};
		F7D3E4052ADDA31500724745 = {
			isa = PBXGroup;
			children = (
				F7D3E4102ADDA31500724745 /* CompositionalLayout */,
				F7D3E40F2ADDA31500724745 /* Products */,
			);
			sourceTree = "<group>";
		};
		F7D3E40F2ADDA31500724745 /* Products */ = {
			isa = PBXGroup;
			children = (
				F7D3E40E2ADDA31500724745 /* CompositionalLayout.app */,
			);
			name = Products;
			sourceTree = "<group>";
		};
		F7D3E4102ADDA31500724745 /* CompositionalLayout */ = {
			isa = PBXGroup;
			children = (
				F784446C2AE6976C003D4B65 /* Extension */,
				F7E9B8A02AE2996600E1E6D5 /* Model */,
				F7E9B8A12AE2996C00E1E6D5 /* View */,
				F7E9B8A22AE2997200E1E6D5 /* Controllers */,
				F7E9B8A32AE2997F00E1E6D5 /* Utilities */,
				F7E9B8A42AE2998A00E1E6D5 /* Font */,
				F7D3E4112ADDA31500724745 /* AppDelegate.swift */,
				F7D3E4132ADDA31500724745 /* SceneDelegate.swift */,
				F7D3E4172ADDA31500724745 /* Main.storyboard */,
				F7D3E41A2ADDA31600724745 /* Assets.xcassets */,
				F7D3E41C2ADDA31600724745 /* LaunchScreen.storyboard */,
				F7D3E41F2ADDA31600724745 /* Info.plist */,
			);
			path = CompositionalLayout;
			sourceTree = "<group>";
		};
		F7E9B8A02AE2996600E1E6D5 /* Model */ = {
			isa = PBXGroup;
			children = (
				F7D3E42E2ADDB71500724745 /* TopBannerModel.swift */,
				F7D3E4342ADDB77E00724745 /* PopularRestaurantsListModel.swift */,
				F7D3E4362ADDB9D600724745 /* MostPopularListModel.swift */,
				F7D3E4382ADDBB6B00724745 /* RecentItemsListModel.swift */,
			);
			path = Model;
			sourceTree = "<group>";
		};
		F7E9B8A12AE2996C00E1E6D5 /* View */ = {
			isa = PBXGroup;
			children = (
				F7E9B8A52AE299A900E1E6D5 /* ViewLayout */,
				F7E9B8A62AE299B100E1E6D5 /* Headers */,
				F7E9B8A72AE299BF00E1E6D5 /* Cells */,
			);
			path = View;
			sourceTree = "<group>";
		};
		F7E9B8A22AE2997200E1E6D5 /* Controllers */ = {
			isa = PBXGroup;
			children = (
				F7E9B8A82AE29A1400E1E6D5 /* ViewController */,
			);
			name = Controllers;
			sourceTree = "<group>";
		};
		F7E9B8A32AE2997F00E1E6D5 /* Utilities */ = {
			isa = PBXGroup;
			children = (
				F7E9B87A2AE1558300E1E6D5 /* AppColors.swift */,
				F7E9B87C2AE1559E00E1E6D5 /* AppFonts.swift */,
				F78444712AE69908003D4B65 /* WindowConstant.swift */,
			);
			path = Utilities;
			sourceTree = "<group>";
		};
		F7E9B8A42AE2998A00E1E6D5 /* Font */ = {
			isa = PBXGroup;
			children = (
				F7E9B89E2AE2987C00E1E6D5 /* Inter-Regular.ttf */,
			);
			path = Font;
			sourceTree = "<group>";
		};
		F7E9B8A52AE299A900E1E6D5 /* ViewLayout */ = {
			isa = PBXGroup;
			children = (
				F7D3E42C2ADDA93800724745 /* ViewLayoutManager.swift */,
			);
			path = ViewLayout;
			sourceTree = "<group>";
		};
		F7E9B8A62AE299B100E1E6D5 /* Headers */ = {
			isa = PBXGroup;
			children = (
				F7D3E4422ADDF15000724745 /* HeaderView.swift */,
			);
			path = Headers;
			sourceTree = "<group>";
		};
		F7E9B8A72AE299BF00E1E6D5 /* Cells */ = {
			isa = PBXGroup;
			children = (
				F7D3E43C2ADDBFE900724745 /* TopBannerCollectionViewCell.swift */,
				F7D3E4442ADDF24700724745 /* PopularRestaurantsListCell.swift */,
				F7D3E4462ADDF30400724745 /* MostPopularListViewCell.swift */,
				F7D3E4482ADDF49C00724745 /* RecentItemViewCell.swift */,
			);
			path = Cells;
			sourceTree = "<group>";
		};
		F7E9B8A82AE29A1400E1E6D5 /* ViewController */ = {
			isa = PBXGroup;
			children = (
				F7D3E4152ADDA31500724745 /* ViewController.swift */,
			);
			path = ViewController;
			sourceTree = "<group>";
		};
/* End PBXGroup section */

/* Begin PBXNativeTarget section */
		F7D3E40D2ADDA31500724745 /* CompositionalLayout */ = {
			isa = PBXNativeTarget;
			buildConfigurationList = F7D3E4222ADDA31600724745 /* Build configuration list for PBXNativeTarget "CompositionalLayout" */;
			buildPhases = (
				F7D3E40A2ADDA31500724745 /* Sources */,
				F7D3E40B2ADDA31500724745 /* Frameworks */,
				F7D3E40C2ADDA31500724745 /* Resources */,
			);
			buildRules = (
			);
			dependencies = (
			);
			name = CompositionalLayout;
			productName = CompositionalLayout;
			productReference = F7D3E40E2ADDA31500724745 /* CompositionalLayout.app */;
			productType = "com.apple.product-type.application";
		};
/* End PBXNativeTarget section */

/* Begin PBXProject section */
		F7D3E4062ADDA31500724745 /* Project object */ = {
			isa = PBXProject;
			attributes = {
				BuildIndependentTargetsInParallel = 1;
				LastSwiftUpdateCheck = 1500;
				LastUpgradeCheck = 1500;
				TargetAttributes = {
					F7D3E40D2ADDA31500724745 = {
						CreatedOnToolsVersion = 15.0;
					};
				};
			};
			buildConfigurationList = F7D3E4092ADDA31500724745 /* Build configuration list for PBXProject "CompositionalLayout" */;
			compatibilityVersion = "Xcode 14.0";
			developmentRegion = en;
			hasScannedForEncodings = 0;
			knownRegions = (
				en,
				Base,
			);
			mainGroup = F7D3E4052ADDA31500724745;
			productRefGroup = F7D3E40F2ADDA31500724745 /* Products */;
			projectDirPath = "";
			projectRoot = "";
			targets = (
				F7D3E40D2ADDA31500724745 /* CompositionalLayout */,
			);
		};
/* End PBXProject section */

/* Begin PBXResourcesBuildPhase section */
		F7D3E40C2ADDA31500724745 /* Resources */ = {
			isa = PBXResourcesBuildPhase;
			buildActionMask = 2147483647;
			files = (
				F7D3E41E2ADDA31600724745 /* LaunchScreen.storyboard in Resources */,
				F7D3E41B2ADDA31600724745 /* Assets.xcassets in Resources */,
				F7EF0EE62AE55D18001436FE /* Inter-Regular.ttf in Resources */,
				F7D3E4192ADDA31500724745 /* Main.storyboard in Resources */,
			);
			runOnlyForDeploymentPostprocessing = 0;
		};
/* End PBXResourcesBuildPhase section */

/* Begin PBXSourcesBuildPhase section */
		F7D3E40A2ADDA31500724745 /* Sources */ = {
			isa = PBXSourcesBuildPhase;
			buildActionMask = 2147483647;
			files = (
				F7D3E4162ADDA31500724745 /* ViewController.swift in Sources */,
				F78444722AE69908003D4B65 /* WindowConstant.swift in Sources */,
				F78444702AE698C4003D4B65 /* Extension+UIView.swift in Sources */,
				F7D3E4122ADDA31500724745 /* AppDelegate.swift in Sources */,
				F7D3E42D2ADDA93800724745 /* ViewLayoutManager.swift in Sources */,
				F7D3E4492ADDF49C00724745 /* RecentItemViewCell.swift in Sources */,
				F7D3E4452ADDF24700724745 /* PopularRestaurantsListCell.swift in Sources */,
				F7D3E42F2ADDB71500724745 /* TopBannerModel.swift in Sources */,
				F7E9B87D2AE1559E00E1E6D5 /* AppFonts.swift in Sources */,
				F7D3E4472ADDF30400724745 /* MostPopularListViewCell.swift in Sources */,
				F7D3E43D2ADDBFE900724745 /* TopBannerCollectionViewCell.swift in Sources */,
				F7D3E4372ADDB9D600724745 /* MostPopularListModel.swift in Sources */,
				F7D3E4432ADDF15000724745 /* HeaderView.swift in Sources */,
				F784446E2AE6978F003D4B65 /* Extension+CALayer.swift in Sources */,
				F7D3E4392ADDBB6B00724745 /* RecentItemsListModel.swift in Sources */,
				F7E9B87B2AE1558300E1E6D5 /* AppColors.swift in Sources */,
				F7D3E4352ADDB77E00724745 /* PopularRestaurantsListModel.swift in Sources */,
				F7D3E4142ADDA31500724745 /* SceneDelegate.swift in Sources */,
			);
			runOnlyForDeploymentPostprocessing = 0;
		};
/* End PBXSourcesBuildPhase section */

/* Begin PBXVariantGroup section */
		F7D3E4172ADDA31500724745 /* Main.storyboard */ = {
			isa = PBXVariantGroup;
			children = (
				F7D3E4182ADDA31500724745 /* Base */,
			);
			name = Main.storyboard;
			sourceTree = "<group>";
		};
		F7D3E41C2ADDA31600724745 /* LaunchScreen.storyboard */ = {
			isa = PBXVariantGroup;
			children = (
				F7D3E41D2ADDA31600724745 /* Base */,
			);
			name = LaunchScreen.storyboard;
			sourceTree = "<group>";
		};
/* End PBXVariantGroup section */

/* Begin XCBuildConfiguration section */
		F7D3E4202ADDA31600724745 /* Debug */ = {
			isa = XCBuildConfiguration;
			buildSettings = {
				ALWAYS_SEARCH_USER_PATHS = NO;
				ASSETCATALOG_COMPILER_GENERATE_SWIFT_ASSET_SYMBOL_EXTENSIONS = YES;
				CLANG_ANALYZER_NONNULL = YES;
				CLANG_ANALYZER_NUMBER_OBJECT_CONVERSION = YES_AGGRESSIVE;
				CLANG_CXX_LANGUAGE_STANDARD = "gnu++20";
				CLANG_ENABLE_MODULES = YES;
				CLANG_ENABLE_OBJC_ARC = YES;
				CLANG_ENABLE_OBJC_WEAK = YES;
				CLANG_WARN_BLOCK_CAPTURE_AUTORELEASING = YES;
				CLANG_WARN_BOOL_CONVERSION = YES;
				CLANG_WARN_COMMA = YES;
				CLANG_WARN_CONSTANT_CONVERSION = YES;
				CLANG_WARN_DEPRECATED_OBJC_IMPLEMENTATIONS = YES;
				CLANG_WARN_DIRECT_OBJC_ISA_USAGE = YES_ERROR;
				CLANG_WARN_DOCUMENTATION_COMMENTS = YES;
				CLANG_WARN_EMPTY_BODY = YES;
				CLANG_WARN_ENUM_CONVERSION = YES;
				CLANG_WARN_INFINITE_RECURSION = YES;
				CLANG_WARN_INT_CONVERSION = YES;
				CLANG_WARN_NON_LITERAL_NULL_CONVERSION = YES;
				CLANG_WARN_OBJC_IMPLICIT_RETAIN_SELF = YES;
				CLANG_WARN_OBJC_LITERAL_CONVERSION = YES;
				CLANG_WARN_OBJC_ROOT_CLASS = YES_ERROR;
				CLANG_WARN_QUOTED_INCLUDE_IN_FRAMEWORK_HEADER = YES;
				CLANG_WARN_RANGE_LOOP_ANALYSIS = YES;
				CLANG_WARN_STRICT_PROTOTYPES = YES;
				CLANG_WARN_SUSPICIOUS_MOVE = YES;
				CLANG_WARN_UNGUARDED_AVAILABILITY = YES_AGGRESSIVE;
				CLANG_WARN_UNREACHABLE_CODE = YES;
				CLANG_WARN__DUPLICATE_METHOD_MATCH = YES;
				COPY_PHASE_STRIP = NO;
				DEBUG_INFORMATION_FORMAT = dwarf;
				ENABLE_STRICT_OBJC_MSGSEND = YES;
				ENABLE_TESTABILITY = YES;
				ENABLE_USER_SCRIPT_SANDBOXING = YES;
				GCC_C_LANGUAGE_STANDARD = gnu17;
				GCC_DYNAMIC_NO_PIC = NO;
				GCC_NO_COMMON_BLOCKS = YES;
				GCC_OPTIMIZATION_LEVEL = 0;
				GCC_PREPROCESSOR_DEFINITIONS = (
					"DEBUG=1",
					"$(inherited)",
				);
				GCC_WARN_64_TO_32_BIT_CONVERSION = YES;
				GCC_WARN_ABOUT_RETURN_TYPE = YES_ERROR;
				GCC_WARN_UNDECLARED_SELECTOR = YES;
				GCC_WARN_UNINITIALIZED_AUTOS = YES_AGGRESSIVE;
				GCC_WARN_UNUSED_FUNCTION = YES;
				GCC_WARN_UNUSED_VARIABLE = YES;
				IPHONEOS_DEPLOYMENT_TARGET = 17.0;
				LOCALIZATION_PREFERS_STRING_CATALOGS = YES;
				MTL_ENABLE_DEBUG_INFO = INCLUDE_SOURCE;
				MTL_FAST_MATH = YES;
				ONLY_ACTIVE_ARCH = YES;
				SDKROOT = iphoneos;
				SWIFT_ACTIVE_COMPILATION_CONDITIONS = "DEBUG $(inherited)";
				SWIFT_OPTIMIZATION_LEVEL = "-Onone";
			};
			name = Debug;
		};
		F7D3E4212ADDA31600724745 /* Release */ = {
			isa = XCBuildConfiguration;
			buildSettings = {
				ALWAYS_SEARCH_USER_PATHS = NO;
				ASSETCATALOG_COMPILER_GENERATE_SWIFT_ASSET_SYMBOL_EXTENSIONS = YES;
				CLANG_ANALYZER_NONNULL = YES;
				CLANG_ANALYZER_NUMBER_OBJECT_CONVERSION = YES_AGGRESSIVE;
				CLANG_CXX_LANGUAGE_STANDARD = "gnu++20";
				CLANG_ENABLE_MODULES = YES;
				CLANG_ENABLE_OBJC_ARC = YES;
				CLANG_ENABLE_OBJC_WEAK = YES;
				CLANG_WARN_BLOCK_CAPTURE_AUTORELEASING = YES;
				CLANG_WARN_BOOL_CONVERSION = YES;
				CLANG_WARN_COMMA = YES;
				CLANG_WARN_CONSTANT_CONVERSION = YES;
				CLANG_WARN_DEPRECATED_OBJC_IMPLEMENTATIONS = YES;
				CLANG_WARN_DIRECT_OBJC_ISA_USAGE = YES_ERROR;
				CLANG_WARN_DOCUMENTATION_COMMENTS = YES;
				CLANG_WARN_EMPTY_BODY = YES;
				CLANG_WARN_ENUM_CONVERSION = YES;
				CLANG_WARN_INFINITE_RECURSION = YES;
				CLANG_WARN_INT_CONVERSION = YES;
				CLANG_WARN_NON_LITERAL_NULL_CONVERSION = YES;
				CLANG_WARN_OBJC_IMPLICIT_RETAIN_SELF = YES;
				CLANG_WARN_OBJC_LITERAL_CONVERSION = YES;
				CLANG_WARN_OBJC_ROOT_CLASS = YES_ERROR;
				CLANG_WARN_QUOTED_INCLUDE_IN_FRAMEWORK_HEADER = YES;
				CLANG_WARN_RANGE_LOOP_ANALYSIS = YES;
				CLANG_WARN_STRICT_PROTOTYPES = YES;
				CLANG_WARN_SUSPICIOUS_MOVE = YES;
				CLANG_WARN_UNGUARDED_AVAILABILITY = YES_AGGRESSIVE;
				CLANG_WARN_UNREACHABLE_CODE = YES;
				CLANG_WARN__DUPLICATE_METHOD_MATCH = YES;
				COPY_PHASE_STRIP = NO;
				DEBUG_INFORMATION_FORMAT = "dwarf-with-dsym";
				ENABLE_NS_ASSERTIONS = NO;
				ENABLE_STRICT_OBJC_MSGSEND = YES;
				ENABLE_USER_SCRIPT_SANDBOXING = YES;
				GCC_C_LANGUAGE_STANDARD = gnu17;
				GCC_NO_COMMON_BLOCKS = YES;
				GCC_WARN_64_TO_32_BIT_CONVERSION = YES;
				GCC_WARN_ABOUT_RETURN_TYPE = YES_ERROR;
				GCC_WARN_UNDECLARED_SELECTOR = YES;
				GCC_WARN_UNINITIALIZED_AUTOS = YES_AGGRESSIVE;
				GCC_WARN_UNUSED_FUNCTION = YES;
				GCC_WARN_UNUSED_VARIABLE = YES;
				IPHONEOS_DEPLOYMENT_TARGET = 17.0;
				LOCALIZATION_PREFERS_STRING_CATALOGS = YES;
				MTL_ENABLE_DEBUG_INFO = NO;
				MTL_FAST_MATH = YES;
				SDKROOT = iphoneos;
				SWIFT_COMPILATION_MODE = wholemodule;
				VALIDATE_PRODUCT = YES;
			};
			name = Release;
		};
		F7D3E4232ADDA31600724745 /* Debug */ = {
			isa = XCBuildConfiguration;
			buildSettings = {
				ASSETCATALOG_COMPILER_APPICON_NAME = AppIcon;
				ASSETCATALOG_COMPILER_GLOBAL_ACCENT_COLOR_NAME = AccentColor;
				CODE_SIGN_STYLE = Automatic;
				CURRENT_PROJECT_VERSION = 1;
				DEVELOPMENT_TEAM = RP8Z4C64KJ;
				GENERATE_INFOPLIST_FILE = YES;
				INFOPLIST_FILE = CompositionalLayout/Info.plist;
				INFOPLIST_KEY_UIApplicationSupportsIndirectInputEvents = YES;
				INFOPLIST_KEY_UILaunchStoryboardName = LaunchScreen;
				INFOPLIST_KEY_UIMainStoryboardFile = Main;
				INFOPLIST_KEY_UISupportedInterfaceOrientations_iPad = "UIInterfaceOrientationPortrait UIInterfaceOrientationPortraitUpsideDown UIInterfaceOrientationLandscapeLeft UIInterfaceOrientationLandscapeRight";
				INFOPLIST_KEY_UISupportedInterfaceOrientations_iPhone = "UIInterfaceOrientationPortrait UIInterfaceOrientationLandscapeLeft UIInterfaceOrientationLandscapeRight";
				LD_RUNPATH_SEARCH_PATHS = (
					"$(inherited)",
					"@executable_path/Frameworks",
				);
				MARKETING_VERSION = 1.0;
				PRODUCT_BUNDLE_IDENTIFIER = com.elifay.CompositionalLayout;
				PRODUCT_NAME = "$(TARGET_NAME)";
				SWIFT_EMIT_LOC_STRINGS = YES;
				SWIFT_VERSION = 5.0;
				TARGETED_DEVICE_FAMILY = "1,2";
			};
			name = Debug;
		};
		F7D3E4242ADDA31600724745 /* Release */ = {
			isa = XCBuildConfiguration;
			buildSettings = {
				ASSETCATALOG_COMPILER_APPICON_NAME = AppIcon;
				ASSETCATALOG_COMPILER_GLOBAL_ACCENT_COLOR_NAME = AccentColor;
				CODE_SIGN_STYLE = Automatic;
				CURRENT_PROJECT_VERSION = 1;
				DEVELOPMENT_TEAM = RP8Z4C64KJ;
				GENERATE_INFOPLIST_FILE = YES;
				INFOPLIST_FILE = CompositionalLayout/Info.plist;
				INFOPLIST_KEY_UIApplicationSupportsIndirectInputEvents = YES;
				INFOPLIST_KEY_UILaunchStoryboardName = LaunchScreen;
				INFOPLIST_KEY_UIMainStoryboardFile = Main;
				INFOPLIST_KEY_UISupportedInterfaceOrientations_iPad = "UIInterfaceOrientationPortrait UIInterfaceOrientationPortraitUpsideDown UIInterfaceOrientationLandscapeLeft UIInterfaceOrientationLandscapeRight";
				INFOPLIST_KEY_UISupportedInterfaceOrientations_iPhone = "UIInterfaceOrientationPortrait UIInterfaceOrientationLandscapeLeft UIInterfaceOrientationLandscapeRight";
				LD_RUNPATH_SEARCH_PATHS = (
					"$(inherited)",
					"@executable_path/Frameworks",
				);
				MARKETING_VERSION = 1.0;
				PRODUCT_BUNDLE_IDENTIFIER = com.elifay.CompositionalLayout;
				PRODUCT_NAME = "$(TARGET_NAME)";
				SWIFT_EMIT_LOC_STRINGS = YES;
				SWIFT_VERSION = 5.0;
				TARGETED_DEVICE_FAMILY = "1,2";
			};
			name = Release;
		};
/* End XCBuildConfiguration section */

/* Begin XCConfigurationList section */
		F7D3E4092ADDA31500724745 /* Build configuration list for PBXProject "CompositionalLayout" */ = {
			isa = XCConfigurationList;
			buildConfigurations = (
				F7D3E4202ADDA31600724745 /* Debug */,
				F7D3E4212ADDA31600724745 /* Release */,
			);
			defaultConfigurationIsVisible = 0;
			defaultConfigurationName = Release;
		};
		F7D3E4222ADDA31600724745 /* Build configuration list for PBXNativeTarget "CompositionalLayout" */ = {
			isa = XCConfigurationList;
			buildConfigurations = (
				F7D3E4232ADDA31600724745 /* Debug */,
				F7D3E4242ADDA31600724745 /* Release */,
			);
			defaultConfigurationIsVisible = 0;
			defaultConfigurationName = Release;
		};
/* End XCConfigurationList section */
	};
	rootObject = F7D3E4062ADDA31500724745 /* Project object */;
}
